
Microsoft Visual Studio Solution File, Format Version 12.00
# Visual Studio 14
VisualStudioVersion = 14.0.22823.1
MinimumVisualStudioVersion = 10.0.40219.1
Project("{FAE04EC0-301F-11D3-BF4B-00C04F79EFBC}") = "Histrio", "Histrio\Histrio.csproj", "{3FCD7D6A-51CD-4DBB-93C3-7584ECC4C7D7}"
EndProject
Project("{FAE04EC0-301F-11D3-BF4B-00C04F79EFBC}") = "Histrio.Collections", "Histrio.Collections\Histrio.Collections.csproj", "{BFCFB0B8-735F-4A7C-A758-31C7DDB1E8C0}"
EndProject
Project("{FAE04EC0-301F-11D3-BF4B-00C04F79EFBC}") = "Histrio.Tests", "Histrio.Tests\Histrio.Tests.csproj", "{42043281-588C-4831-894A-57946B3F9DA2}"
EndProject
Project("{FAE04EC0-301F-11D3-BF4B-00C04F79EFBC}") = "Histrio.Net.Http", "Histrio.Net.Http\Histrio.Net.Http.csproj", "{C4D16365-ECE0-46FB-8864-4DCBE40EFCDF}"
EndProject
Project("{FAE04EC0-301F-11D3-BF4B-00C04F79EFBC}") = "Histrio.Testing", "Histrio.Testing\Histrio.Testing.csproj", "{E7FE514A-51D6-44D3-97A6-E0D7643AD252}"
EndProject
Project("{2150E333-8FDC-42A3-9474-1A3956D46DE8}") = "Solution Items", "Solution Items", "{345E9D73-0F85-448F-9912-A883074242D3}"
	ProjectSection(SolutionItems) = preProject
		..\appveyor.yml = ..\appveyor.yml
		SharedAssemblyInfo.cs = SharedAssemblyInfo.cs
	EndProjectSection
EndProject
Global
	GlobalSection(SolutionConfigurationPlatforms) = preSolution
		Debug|Any CPU = Debug|Any CPU
		Release|Any CPU = Release|Any CPU
	EndGlobalSection
	GlobalSection(ProjectConfigurationPlatforms) = postSolution
		{3FCD7D6A-51CD-4DBB-93C3-7584ECC4C7D7}.Debug|Any CPU.ActiveCfg = Debug|Any CPU
		{3FCD7D6A-51CD-4DBB-93C3-7584ECC4C7D7}.Debug|Any CPU.Build.0 = Debug|Any CPU
		{3FCD7D6A-51CD-4DBB-93C3-7584ECC4C7D7}.Release|Any CPU.ActiveCfg = Release|Any CPU
		{3FCD7D6A-51CD-4DBB-93C3-7584ECC4C7D7}.Release|Any CPU.Build.0 = Release|Any CPU
		{BFCFB0B8-735F-4A7C-A758-31C7DDB1E8C0}.Debug|Any CPU.ActiveCfg = Debug|Any CPU
		{BFCFB0B8-735F-4A7C-A758-31C7DDB1E8C0}.Debug|Any CPU.Build.0 = Debug|Any CPU
		{BFCFB0B8-735F-4A7C-A758-31C7DDB1E8C0}.Release|Any CPU.ActiveCfg = Release|Any CPU
		{BFCFB0B8-735F-4A7C-A758-31C7DDB1E8C0}.Release|Any CPU.Build.0 = Release|Any CPU
		{42043281-588C-4831-894A-57946B3F9DA2}.Debug|Any CPU.ActiveCfg = Debug|Any CPU
		{42043281-588C-4831-894A-57946B3F9DA2}.Debug|Any CPU.Build.0 = Debug|Any CPU
		{42043281-588C-4831-894A-57946B3F9DA2}.Release|Any CPU.ActiveCfg = Release|Any CPU
		{42043281-588C-4831-894A-57946B3F9DA2}.Release|Any CPU.Build.0 = Release|Any CPU
		{C4D16365-ECE0-46FB-8864-4DCBE40EFCDF}.Debug|Any CPU.ActiveCfg = Debug|Any CPU
		{C4D16365-ECE0-46FB-8864-4DCBE40EFCDF}.Debug|Any CPU.Build.0 = Debug|Any CPU
		{C4D16365-ECE0-46FB-8864-4DCBE40EFCDF}.Release|Any CPU.ActiveCfg = Release|Any CPU
		{C4D16365-ECE0-46FB-8864-4DCBE40EFCDF}.Release|Any CPU.Build.0 = Release|Any CPU
		{E7FE514A-51D6-44D3-97A6-E0D7643AD252}.Debug|Any CPU.ActiveCfg = Debug|Any CPU
		{E7FE514A-51D6-44D3-97A6-E0D7643AD252}.Debug|Any CPU.Build.0 = Debug|Any CPU
		{E7FE514A-51D6-44D3-97A6-E0D7643AD252}.Release|Any CPU.ActiveCfg = Release|Any CPU
		{E7FE514A-51D6-44D3-97A6-E0D7643AD252}.Release|Any CPU.Build.0 = Release|Any CPU
		{6CAFC0C6-A428-4D30-A9F9-700E829FEA51}.Debug|Any CPU.ActiveCfg = Debug|Any CPU
		{6CAFC0C6-A428-4D30-A9F9-700E829FEA51}.Debug|Any CPU.Build.0 = Debug|Any CPU
		{6CAFC0C6-A428-4D30-A9F9-700E829FEA51}.Release|Any CPU.ActiveCfg = Release|Any CPU
		{6CAFC0C6-A428-4D30-A9F9-700E829FEA51}.Release|Any CPU.Build.0 = Release|Any CPU
	EndGlobalSection
	GlobalSection(SolutionProperties) = preSolution
		HideSolutionNode = FALSE
	EndGlobalSection
EndGlobal
